// !$*UTF8*$!
{
	archiveVersion = 1;
	classes = {
	};
	objectVersion = 46;
	objects = {

/* Begin PBXBuildFile section */
		13BCB1C81F7BC817002C7DD4 /* Async.swift in Sources */ = {isa = PBXBuildFile; fileRef = 13BCB1C71F7BC817002C7DD4 /* Async.swift */; };
		437210433C525AAAFE3EB76C /* Pods_AppMessage.framework in Frameworks */ = {isa = PBXBuildFile; fileRef = 495AC817462253B57CD42BDB /* Pods_AppMessage.framework */; };
		7F0791301E1CF12B00A015A7 /* main.m in Sources */ = {isa = PBXBuildFile; fileRef = 7F07912F1E1CF12B00A015A7 /* main.m */; };
		7F0992E51AEA3BAD00522AE6 /* SSASideMenu.swift in Sources */ = {isa = PBXBuildFile; fileRef = 7F0992E41AEA3BAD00522AE6 /* SSASideMenu.swift */; };
		7F434A2919628D490081F35C /* AppDelegate.swift in Sources */ = {isa = PBXBuildFile; fileRef = 7F434A2819628D490081F35C /* AppDelegate.swift */; };
		7F434A3019628D490081F35C /* Images.xcassets in Resources */ = {isa = PBXBuildFile; fileRef = 7F434A2F19628D490081F35C /* Images.xcassets */; };
		7F434A4C1962AE780081F35C /* Message.swift in Sources */ = {isa = PBXBuildFile; fileRef = 7F434A4B1962AE780081F35C /* Message.swift */; };
		7F434A4F1962B95D0081F35C /* CloudKit.framework in Frameworks */ = {isa = PBXBuildFile; fileRef = 7F434A4E1962B95D0081F35C /* CloudKit.framework */; };
		7F44151E1E2A8C5D0077F033 /* CKAsset+UIImage.swift in Sources */ = {isa = PBXBuildFile; fileRef = 7F44151D1E2A8C5D0077F033 /* CKAsset+UIImage.swift */; };
		7F5DFB4E1A86B95600628235 /* UzysAssetsPickerController.xib in Resources */ = {isa = PBXBuildFile; fileRef = 7F5DFB4D1A86B95600628235 /* UzysAssetsPickerController.xib */; };
		7F5DFB501A86BC8200628235 /* UzysAssetPickerController.bundle in Resources */ = {isa = PBXBuildFile; fileRef = 7F5DFB4F1A86BC8200628235 /* UzysAssetPickerController.bundle */; };
		7F5DFB521A86C04100628235 /* JSQMessagesViewController.xib in Resources */ = {isa = PBXBuildFile; fileRef = 7F5DFB511A86C04100628235 /* JSQMessagesViewController.xib */; };
		7F61CA3A19829CC7005EF254 /* MessageBubble@2x.png in Resources */ = {isa = PBXBuildFile; fileRef = 7F61CA3719829CC7005EF254 /* MessageBubble@2x.png */; };
		7F61CA3B19829CC7005EF254 /* MessageIncoming.aiff in Resources */ = {isa = PBXBuildFile; fileRef = 7F61CA3819829CC7005EF254 /* MessageIncoming.aiff */; };
		7F61CA3C19829CC7005EF254 /* MessageOutgoing.aiff in Resources */ = {isa = PBXBuildFile; fileRef = 7F61CA3919829CC7005EF254 /* MessageOutgoing.aiff */; };
		7F76554C197FF0FE008AD0D5 /* Asset.swift in Sources */ = {isa = PBXBuildFile; fileRef = 7F76554B197FF0FE008AD0D5 /* Asset.swift */; };
		7F7C03621A382C3C00054ED7 /* Localizable.strings in Resources */ = {isa = PBXBuildFile; fileRef = 7F7C03611A382C3C00054ED7 /* Localizable.strings */; };
		7FC46F651981259A000A875F /* test.png in Resources */ = {isa = PBXBuildFile; fileRef = 7FC46F641981259A000A875F /* test.png */; };
		7FC46F7B198134C8000A875F /* Storyboard.storyboard in Resources */ = {isa = PBXBuildFile; fileRef = 7FC46F6A198134C8000A875F /* Storyboard.storyboard */; };
		7FC46F8619813D77000A875F /* RootViewController.swift in Sources */ = {isa = PBXBuildFile; fileRef = 7FC46F8519813D77000A875F /* RootViewController.swift */; };
		7FC46F8C19814C17000A875F /* LeftMenuViewController.swift in Sources */ = {isa = PBXBuildFile; fileRef = 7FC46F8B19814C17000A875F /* LeftMenuViewController.swift */; };
		7FC46F8E19824121000A875F /* RightMenuViewController.swift in Sources */ = {isa = PBXBuildFile; fileRef = 7FC46F8D19824121000A875F /* RightMenuViewController.swift */; };
		7FC46F9019824285000A875F /* HomeViewController.swift in Sources */ = {isa = PBXBuildFile; fileRef = 7FC46F8F19824285000A875F /* HomeViewController.swift */; };
		7FC46F92198242A5000A875F /* NewsViewController.swift in Sources */ = {isa = PBXBuildFile; fileRef = 7FC46F91198242A5000A875F /* NewsViewController.swift */; };
		7FC46F9419825B33000A875F /* Default-568h@2x.png in Resources */ = {isa = PBXBuildFile; fileRef = 7FC46F9319825B33000A875F /* Default-568h@2x.png */; };
		7FC46F981982805A000A875F /* SettingsViewController.swift in Sources */ = {isa = PBXBuildFile; fileRef = 7FC46F971982805A000A875F /* SettingsViewController.swift */; };
		7FC46F9A19828082000A875F /* TestsViewController.swift in Sources */ = {isa = PBXBuildFile; fileRef = 7FC46F9919828082000A875F /* TestsViewController.swift */; };
		7FC8B3B119E0600900C146AE /* MenuViewController.swift in Sources */ = {isa = PBXBuildFile; fileRef = 7FC8B3B019E0600900C146AE /* MenuViewController.swift */; };
		7FCB04A419A8E14F00A257FE /* News.swift in Sources */ = {isa = PBXBuildFile; fileRef = 7FCB04A319A8E14F00A257FE /* News.swift */; };
		7FD051C119C591B2009B7FEE /* image-not-available.jpg in Resources */ = {isa = PBXBuildFile; fileRef = 7FD051C019C591B2009B7FEE /* image-not-available.jpg */; };
		7FD67D981C2BD8B40071234B /* Invoice.swift in Sources */ = {isa = PBXBuildFile; fileRef = 7FD67D971C2BD8B40071234B /* Invoice.swift */; };
		7FEC7BFD1AEA5EE50004F81D /* LaunchScreen.xib in Resources */ = {isa = PBXBuildFile; fileRef = 7FEC7BFC1AEA5EE50004F81D /* LaunchScreen.xib */; };
		7FF11C411ACBEA6000A18FA3 /* SearchViewController.swift in Sources */ = {isa = PBXBuildFile; fileRef = 7FF11C401ACBEA6000A18FA3 /* SearchViewController.swift */; };
		7FF447441A16964C0003AE91 /* ChatViewController.swift in Sources */ = {isa = PBXBuildFile; fileRef = 7FF447431A16964C0003AE91 /* ChatViewController.swift */; };
		7FFD4C0D1A222E9D00E03FAB /* Helper.swift in Sources */ = {isa = PBXBuildFile; fileRef = 7FFD4C0C1A222E9D00E03FAB /* Helper.swift */; };
/* End PBXBuildFile section */

/* Begin PBXFileReference section */
		13BCB1C71F7BC817002C7DD4 /* Async.swift */ = {isa = PBXFileReference; lastKnownFileType = sourcecode.swift; path = Async.swift; sourceTree = "<group>"; };
		318A421B62B0803009675CC1 /* Pods_OSXTest.framework */ = {isa = PBXFileReference; explicitFileType = wrapper.framework; includeInIndex = 0; path = Pods_OSXTest.framework; sourceTree = BUILT_PRODUCTS_DIR; };
		3F3763EA1FE6EAFCB50FEE13 /* Pods.framework */ = {isa = PBXFileReference; explicitFileType = wrapper.framework; includeInIndex = 0; path = Pods.framework; sourceTree = BUILT_PRODUCTS_DIR; };
		495AC817462253B57CD42BDB /* Pods_AppMessage.framework */ = {isa = PBXFileReference; explicitFileType = wrapper.framework; includeInIndex = 0; path = Pods_AppMessage.framework; sourceTree = BUILT_PRODUCTS_DIR; };
		4A37604C591D9D2C1ACDE570 /* Pods-tvOSTest.debug.xcconfig */ = {isa = PBXFileReference; includeInIndex = 1; lastKnownFileType = text.xcconfig; name = "Pods-tvOSTest.debug.xcconfig"; path = "Pods/Target Support Files/Pods-tvOSTest/Pods-tvOSTest.debug.xcconfig"; sourceTree = "<group>"; };
		56AC44394D39E4B9E0FB5BF7 /* Pods-tvOSTest.release.xcconfig */ = {isa = PBXFileReference; includeInIndex = 1; lastKnownFileType = text.xcconfig; name = "Pods-tvOSTest.release.xcconfig"; path = "Pods/Target Support Files/Pods-tvOSTest/Pods-tvOSTest.release.xcconfig"; sourceTree = "<group>"; };
		76DC8AB6EBB0A7A54F0CE47C /* Pods-AppMessage.release.xcconfig */ = {isa = PBXFileReference; includeInIndex = 1; lastKnownFileType = text.xcconfig; name = "Pods-AppMessage.release.xcconfig"; path = "Pods/Target Support Files/Pods-AppMessage/Pods-AppMessage.release.xcconfig"; sourceTree = "<group>"; };
		7F07912F1E1CF12B00A015A7 /* main.m */ = {isa = PBXFileReference; fileEncoding = 4; lastKnownFileType = sourcecode.c.objc; name = main.m; path = ../main.m; sourceTree = "<group>"; };
		7F0992E41AEA3BAD00522AE6 /* SSASideMenu.swift */ = {isa = PBXFileReference; fileEncoding = 4; lastKnownFileType = sourcecode.swift; path = SSASideMenu.swift; sourceTree = "<group>"; };
		7F29765A1BB943660074C85A /* CloudKit.framework */ = {isa = PBXFileReference; lastKnownFileType = wrapper.framework; name = CloudKit.framework; path = Platforms/MacOSX.platform/Developer/SDKs/MacOSX10.11.sdk/System/Library/Frameworks/CloudKit.framework; sourceTree = DEVELOPER_DIR; };
		7F434A2319628D490081F35C /* AppMessage.app */ = {isa = PBXFileReference; explicitFileType = wrapper.application; includeInIndex = 0; path = AppMessage.app; sourceTree = BUILT_PRODUCTS_DIR; };
		7F434A2719628D490081F35C /* Info.plist */ = {isa = PBXFileReference; lastKnownFileType = text.plist.xml; path = Info.plist; sourceTree = "<group>"; };
		7F434A2819628D490081F35C /* AppDelegate.swift */ = {isa = PBXFileReference; lastKnownFileType = sourcecode.swift; path = AppDelegate.swift; sourceTree = "<group>"; };
		7F434A2F19628D490081F35C /* Images.xcassets */ = {isa = PBXFileReference; lastKnownFileType = folder.assetcatalog; path = Images.xcassets; sourceTree = "<group>"; };
		7F434A4B1962AE780081F35C /* Message.swift */ = {isa = PBXFileReference; fileEncoding = 4; lastKnownFileType = sourcecode.swift; path = Message.swift; sourceTree = "<group>"; };
		7F434A4D1962B94E0081F35C /* AppMessage.entitlements */ = {isa = PBXFileReference; lastKnownFileType = text.xml; path = AppMessage.entitlements; sourceTree = "<group>"; };
		7F434A4E1962B95D0081F35C /* CloudKit.framework */ = {isa = PBXFileReference; lastKnownFileType = wrapper.framework; name = CloudKit.framework; path = System/Library/Frameworks/CloudKit.framework; sourceTree = SDKROOT; };
		7F44151D1E2A8C5D0077F033 /* CKAsset+UIImage.swift */ = {isa = PBXFileReference; fileEncoding = 4; lastKnownFileType = sourcecode.swift; path = "CKAsset+UIImage.swift"; sourceTree = "<group>"; };
		7F5DFB4D1A86B95600628235 /* UzysAssetsPickerController.xib */ = {isa = PBXFileReference; fileEncoding = 4; lastKnownFileType = file.xib; path = UzysAssetsPickerController.xib; sourceTree = "<group>"; };
		7F5DFB4F1A86BC8200628235 /* UzysAssetPickerController.bundle */ = {isa = PBXFileReference; lastKnownFileType = "wrapper.plug-in"; path = UzysAssetPickerController.bundle; sourceTree = "<group>"; };
		7F5DFB511A86C04100628235 /* JSQMessagesViewController.xib */ = {isa = PBXFileReference; fileEncoding = 4; lastKnownFileType = file.xib; path = JSQMessagesViewController.xib; sourceTree = "<group>"; };
		7F61CA3719829CC7005EF254 /* MessageBubble@2x.png */ = {isa = PBXFileReference; lastKnownFileType = image.png; path = "MessageBubble@2x.png"; sourceTree = "<group>"; };
		7F61CA3819829CC7005EF254 /* MessageIncoming.aiff */ = {isa = PBXFileReference; lastKnownFileType = audio.aiff; path = MessageIncoming.aiff; sourceTree = "<group>"; };
		7F61CA3919829CC7005EF254 /* MessageOutgoing.aiff */ = {isa = PBXFileReference; lastKnownFileType = audio.aiff; path = MessageOutgoing.aiff; sourceTree = "<group>"; };
		7F76554B197FF0FE008AD0D5 /* Asset.swift */ = {isa = PBXFileReference; fileEncoding = 4; lastKnownFileType = sourcecode.swift; path = Asset.swift; sourceTree = "<group>"; };
		7F7C03611A382C3C00054ED7 /* Localizable.strings */ = {isa = PBXFileReference; fileEncoding = 4; lastKnownFileType = text.plist.strings; name = Localizable.strings; path = ../Localizable.strings; sourceTree = "<group>"; };
		7FC46F641981259A000A875F /* test.png */ = {isa = PBXFileReference; lastKnownFileType = image.png; path = test.png; sourceTree = "<group>"; };
		7FC46F6A198134C8000A875F /* Storyboard.storyboard */ = {isa = PBXFileReference; fileEncoding = 4; lastKnownFileType = file.storyboard; path = Storyboard.storyboard; sourceTree = "<group>"; };
		7FC46F8519813D77000A875F /* RootViewController.swift */ = {isa = PBXFileReference; fileEncoding = 4; lastKnownFileType = sourcecode.swift; path = RootViewController.swift; sourceTree = "<group>"; };
		7FC46F8A1981415B000A875F /* AppMessage-Bridging-Header.h */ = {isa = PBXFileReference; lastKnownFileType = sourcecode.c.h; path = "AppMessage-Bridging-Header.h"; sourceTree = "<group>"; };
		7FC46F8B19814C17000A875F /* LeftMenuViewController.swift */ = {isa = PBXFileReference; fileEncoding = 4; lastKnownFileType = sourcecode.swift; lineEnding = 0; path = LeftMenuViewController.swift; sourceTree = "<group>"; xcLanguageSpecificationIdentifier = xcode.lang.swift; };
		7FC46F8D19824121000A875F /* RightMenuViewController.swift */ = {isa = PBXFileReference; fileEncoding = 4; lastKnownFileType = sourcecode.swift; path = RightMenuViewController.swift; sourceTree = "<group>"; };
		7FC46F8F19824285000A875F /* HomeViewController.swift */ = {isa = PBXFileReference; fileEncoding = 4; lastKnownFileType = sourcecode.swift; path = HomeViewController.swift; sourceTree = "<group>"; };
		7FC46F91198242A5000A875F /* NewsViewController.swift */ = {isa = PBXFileReference; fileEncoding = 4; lastKnownFileType = sourcecode.swift; path = NewsViewController.swift; sourceTree = "<group>"; };
		7FC46F9319825B33000A875F /* Default-568h@2x.png */ = {isa = PBXFileReference; lastKnownFileType = image.png; path = "Default-568h@2x.png"; sourceTree = "<group>"; };
		7FC46F971982805A000A875F /* SettingsViewController.swift */ = {isa = PBXFileReference; fileEncoding = 4; lastKnownFileType = sourcecode.swift; lineEnding = 0; path = SettingsViewController.swift; sourceTree = "<group>"; xcLanguageSpecificationIdentifier = xcode.lang.swift; };
		7FC46F9919828082000A875F /* TestsViewController.swift */ = {isa = PBXFileReference; fileEncoding = 4; lastKnownFileType = sourcecode.swift; lineEnding = 0; path = TestsViewController.swift; sourceTree = "<group>"; xcLanguageSpecificationIdentifier = xcode.lang.swift; };
		7FC8B3B019E0600900C146AE /* MenuViewController.swift */ = {isa = PBXFileReference; fileEncoding = 4; lastKnownFileType = sourcecode.swift; path = MenuViewController.swift; sourceTree = "<group>"; };
		7FCB04A319A8E14F00A257FE /* News.swift */ = {isa = PBXFileReference; fileEncoding = 4; lastKnownFileType = sourcecode.swift; lineEnding = 0; path = News.swift; sourceTree = "<group>"; xcLanguageSpecificationIdentifier = xcode.lang.swift; };
		7FD051C019C591B2009B7FEE /* image-not-available.jpg */ = {isa = PBXFileReference; lastKnownFileType = image.jpeg; path = "image-not-available.jpg"; sourceTree = "<group>"; };
		7FD67D971C2BD8B40071234B /* Invoice.swift */ = {isa = PBXFileReference; fileEncoding = 4; lastKnownFileType = sourcecode.swift; path = Invoice.swift; sourceTree = "<group>"; };
		7FEC7BFC1AEA5EE50004F81D /* LaunchScreen.xib */ = {isa = PBXFileReference; fileEncoding = 4; lastKnownFileType = file.xib; path = LaunchScreen.xib; sourceTree = "<group>"; };
		7FF11C401ACBEA6000A18FA3 /* SearchViewController.swift */ = {isa = PBXFileReference; fileEncoding = 4; lastKnownFileType = sourcecode.swift; path = SearchViewController.swift; sourceTree = "<group>"; };
		7FF447431A16964C0003AE91 /* ChatViewController.swift */ = {isa = PBXFileReference; fileEncoding = 4; lastKnownFileType = sourcecode.swift; path = ChatViewController.swift; sourceTree = "<group>"; };
		7FFD4C0C1A222E9D00E03FAB /* Helper.swift */ = {isa = PBXFileReference; fileEncoding = 4; lastKnownFileType = sourcecode.swift; path = Helper.swift; sourceTree = "<group>"; };
		833539F8FEB264408D2BA9E0 /* Pods-AppMessage.debug.xcconfig */ = {isa = PBXFileReference; includeInIndex = 1; lastKnownFileType = text.xcconfig; name = "Pods-AppMessage.debug.xcconfig"; path = "../Pods/Target Support Files/Pods-AppMessage/Pods-AppMessage.debug.xcconfig"; sourceTree = "<group>"; };
		8C5A528F57F9FC15B6FB0AB1 /* Pods_tvOSTest.framework */ = {isa = PBXFileReference; explicitFileType = wrapper.framework; includeInIndex = 0; path = Pods_tvOSTest.framework; sourceTree = BUILT_PRODUCTS_DIR; };
		CA87045DC3B55E2BD1BFB441 /* Pods-OSXTest.release.xcconfig */ = {isa = PBXFileReference; includeInIndex = 1; lastKnownFileType = text.xcconfig; name = "Pods-OSXTest.release.xcconfig"; path = "Pods/Target Support Files/Pods-OSXTest/Pods-OSXTest.release.xcconfig"; sourceTree = "<group>"; };
		E3D7D5BA450A98468299F193 /* Pods-OSXTest.debug.xcconfig */ = {isa = PBXFileReference; includeInIndex = 1; lastKnownFileType = text.xcconfig; name = "Pods-OSXTest.debug.xcconfig"; path = "Pods/Target Support Files/Pods-OSXTest/Pods-OSXTest.debug.xcconfig"; sourceTree = "<group>"; };
		EC96F6AF35160C66E41AA545 /* Pods-AppMessage.debug.xcconfig */ = {isa = PBXFileReference; includeInIndex = 1; lastKnownFileType = text.xcconfig; name = "Pods-AppMessage.debug.xcconfig"; path = "Pods/Target Support Files/Pods-AppMessage/Pods-AppMessage.debug.xcconfig"; sourceTree = "<group>"; };
		F6C8B12BC4A097CEAA0D7304 /* Pods-AppMessage.release.xcconfig */ = {isa = PBXFileReference; includeInIndex = 1; lastKnownFileType = text.xcconfig; name = "Pods-AppMessage.release.xcconfig"; path = "../Pods/Target Support Files/Pods-AppMessage/Pods-AppMessage.release.xcconfig"; sourceTree = "<group>"; };
/* End PBXFileReference section */

/* Begin PBXFrameworksBuildPhase section */
		7F434A2019628D490081F35C /* Frameworks */ = {
			isa = PBXFrameworksBuildPhase;
			buildActionMask = 2147483647;
			files = (
				7F434A4F1962B95D0081F35C /* CloudKit.framework in Frameworks */,
				437210433C525AAAFE3EB76C /* Pods_AppMessage.framework in Frameworks */,
			);
			runOnlyForDeploymentPostprocessing = 0;
		};
/* End PBXFrameworksBuildPhase section */

/* Begin PBXGroup section */
		13BCB1C61F7BC7F2002C7DD4 /* AsyncSwift */ = {
			isa = PBXGroup;
			children = (
				13BCB1C71F7BC817002C7DD4 /* Async.swift */,
			);
			name = AsyncSwift;
			sourceTree = "<group>";
		};
		7F0992E21AEA3B6100522AE6 /* Frameworks */ = {
			isa = PBXGroup;
			children = (
				13BCB1C61F7BC7F2002C7DD4 /* AsyncSwift */,
				7F0992E31AEA3B8C00522AE6 /* SSASideMenu */,
			);
			name = Frameworks;
			sourceTree = "<group>";
		};
		7F0992E31AEA3B8C00522AE6 /* SSASideMenu */ = {
			isa = PBXGroup;
			children = (
				7F0992E41AEA3BAD00522AE6 /* SSASideMenu.swift */,
			);
			name = SSASideMenu;
			sourceTree = "<group>";
		};
		7F434A1A19628D490081F35C = {
			isa = PBXGroup;
			children = (
				7F434A2519628D490081F35C /* AppMessage */,
				7F434A2419628D490081F35C /* Products */,
				FE945222C18A4F03BAF7064D /* Frameworks */,
				91E720701435EAD35580E6C5 /* Pods */,
			);
			sourceTree = "<group>";
		};
		7F434A2419628D490081F35C /* Products */ = {
			isa = PBXGroup;
			children = (
				7F434A2319628D490081F35C /* AppMessage.app */,
			);
			name = Products;
			sourceTree = "<group>";
		};
		7F434A2519628D490081F35C /* AppMessage */ = {
			isa = PBXGroup;
			children = (
				7F0992E21AEA3B6100522AE6 /* Frameworks */,
				7FC46F6919813498000A875F /* Controlers */,
				7F434A4A1962AE360081F35C /* DataObjects */,
				7F434A2819628D490081F35C /* AppDelegate.swift */,
				7FEC7BFC1AEA5EE50004F81D /* LaunchScreen.xib */,
				7FFD4C0C1A222E9D00E03FAB /* Helper.swift */,
				7F434A2F19628D490081F35C /* Images.xcassets */,
				7FC46F6819813282000A875F /* Resources */,
				7F434A2619628D490081F35C /* Supporting Files */,
			);
			path = AppMessage;
			sourceTree = "<group>";
		};
		7F434A2619628D490081F35C /* Supporting Files */ = {
			isa = PBXGroup;
			children = (
				7F07912F1E1CF12B00A015A7 /* main.m */,
				7F434A4D1962B94E0081F35C /* AppMessage.entitlements */,
				7F434A2719628D490081F35C /* Info.plist */,
				7FC46F8A1981415B000A875F /* AppMessage-Bridging-Header.h */,
			);
			name = "Supporting Files";
			sourceTree = "<group>";
		};
		7F434A4A1962AE360081F35C /* DataObjects */ = {
			isa = PBXGroup;
			children = (
				7F434A4B1962AE780081F35C /* Message.swift */,
				7F76554B197FF0FE008AD0D5 /* Asset.swift */,
				7FCB04A319A8E14F00A257FE /* News.swift */,
				7FD67D971C2BD8B40071234B /* Invoice.swift */,
				7F44151D1E2A8C5D0077F033 /* CKAsset+UIImage.swift */,
			);
			path = DataObjects;
			sourceTree = "<group>";
		};
		7FC46F6819813282000A875F /* Resources */ = {
			isa = PBXGroup;
			children = (
				7F5DFB511A86C04100628235 /* JSQMessagesViewController.xib */,
				7F5DFB4F1A86BC8200628235 /* UzysAssetPickerController.bundle */,
				7F5DFB4D1A86B95600628235 /* UzysAssetsPickerController.xib */,
				7F7C03611A382C3C00054ED7 /* Localizable.strings */,
				7FD051C019C591B2009B7FEE /* image-not-available.jpg */,
				7FC46F9319825B33000A875F /* Default-568h@2x.png */,
				7FC46F641981259A000A875F /* test.png */,
				7F61CA3719829CC7005EF254 /* MessageBubble@2x.png */,
				7F61CA3819829CC7005EF254 /* MessageIncoming.aiff */,
				7F61CA3919829CC7005EF254 /* MessageOutgoing.aiff */,
			);
			path = Resources;
			sourceTree = "<group>";
		};
		7FC46F6919813498000A875F /* Controlers */ = {
			isa = PBXGroup;
			children = (
				7FC46F6A198134C8000A875F /* Storyboard.storyboard */,
				7FC46F8519813D77000A875F /* RootViewController.swift */,
				7FC8B3B019E0600900C146AE /* MenuViewController.swift */,
				7FC46F8F19824285000A875F /* HomeViewController.swift */,
				7FC46F8B19814C17000A875F /* LeftMenuViewController.swift */,
				7FC46F8D19824121000A875F /* RightMenuViewController.swift */,
				7FC46F91198242A5000A875F /* NewsViewController.swift */,
				7FC46F971982805A000A875F /* SettingsViewController.swift */,
				7FF11C401ACBEA6000A18FA3 /* SearchViewController.swift */,
				7FC46F9919828082000A875F /* TestsViewController.swift */,
				7FF447431A16964C0003AE91 /* ChatViewController.swift */,
			);
			path = Controlers;
			sourceTree = "<group>";
		};
		91E720701435EAD35580E6C5 /* Pods */ = {
			isa = PBXGroup;
			children = (
				EC96F6AF35160C66E41AA545 /* Pods-AppMessage.debug.xcconfig */,
				76DC8AB6EBB0A7A54F0CE47C /* Pods-AppMessage.release.xcconfig */,
				E3D7D5BA450A98468299F193 /* Pods-OSXTest.debug.xcconfig */,
				CA87045DC3B55E2BD1BFB441 /* Pods-OSXTest.release.xcconfig */,
				4A37604C591D9D2C1ACDE570 /* Pods-tvOSTest.debug.xcconfig */,
				56AC44394D39E4B9E0FB5BF7 /* Pods-tvOSTest.release.xcconfig */,
				833539F8FEB264408D2BA9E0 /* Pods-AppMessage.debug.xcconfig */,
				F6C8B12BC4A097CEAA0D7304 /* Pods-AppMessage.release.xcconfig */,
			);
			name = Pods;
			sourceTree = "<group>";
		};
		FE945222C18A4F03BAF7064D /* Frameworks */ = {
			isa = PBXGroup;
			children = (
				7F29765A1BB943660074C85A /* CloudKit.framework */,
				7F434A4E1962B95D0081F35C /* CloudKit.framework */,
				3F3763EA1FE6EAFCB50FEE13 /* Pods.framework */,
				495AC817462253B57CD42BDB /* Pods_AppMessage.framework */,
				318A421B62B0803009675CC1 /* Pods_OSXTest.framework */,
				8C5A528F57F9FC15B6FB0AB1 /* Pods_tvOSTest.framework */,
			);
			name = Frameworks;
			sourceTree = "<group>";
		};
/* End PBXGroup section */

/* Begin PBXNativeTarget section */
		7F434A2219628D490081F35C /* AppMessage */ = {
			isa = PBXNativeTarget;
			buildConfigurationList = 7F434A3F19628D490081F35C /* Build configuration list for PBXNativeTarget "AppMessage" */;
			buildPhases = (
				FF84867C1F191110DEC17531 /* [CP] Check Pods Manifest.lock */,
				7F434A1F19628D490081F35C /* Sources */,
				7F434A2019628D490081F35C /* Frameworks */,
				7F434A2119628D490081F35C /* Resources */,
				3B1DEF1A99D1A9789AECD94A /* [CP] Embed Pods Frameworks */,
				1923974CB45A0015A5025458 /* [CP] Copy Pods Resources */,
			);
			buildRules = (
			);
			dependencies = (
			);
			name = AppMessage;
			productName = AppMessage;
			productReference = 7F434A2319628D490081F35C /* AppMessage.app */;
			productType = "com.apple.product-type.application";
		};
/* End PBXNativeTarget section */

/* Begin PBXProject section */
		7F434A1B19628D490081F35C /* Project object */ = {
			isa = PBXProject;
			attributes = {
				LastSwiftUpdateCheck = 0710;
				LastUpgradeCheck = 0900;
				ORGANIZATIONNAME = mirabeau;
				TargetAttributes = {
					7F434A2219628D490081F35C = {
						CreatedOnToolsVersion = 6.0;
						DevelopmentTeam = NFYKDD8CR4;
						LastSwiftMigration = 0900;
						SystemCapabilities = {
							com.apple.BackgroundModes = {
								enabled = 1;
							};
							com.apple.Push = {
								enabled = 1;
							};
							com.apple.iCloud = {
								enabled = 1;
							};
						};
					};
				};
			};
			buildConfigurationList = 7F434A1E19628D490081F35C /* Build configuration list for PBXProject "AppMessage" */;
			compatibilityVersion = "Xcode 3.2";
			developmentRegion = English;
			hasScannedForEncodings = 0;
			knownRegions = (
				en,
				Base,
			);
			mainGroup = 7F434A1A19628D490081F35C;
			productRefGroup = 7F434A2419628D490081F35C /* Products */;
			projectDirPath = "";
			projectRoot = "";
			targets = (
				7F434A2219628D490081F35C /* AppMessage */,
			);
		};
/* End PBXProject section */

/* Begin PBXResourcesBuildPhase section */
		7F434A2119628D490081F35C /* Resources */ = {
			isa = PBXResourcesBuildPhase;
			buildActionMask = 2147483647;
			files = (
				7F61CA3C19829CC7005EF254 /* MessageOutgoing.aiff in Resources */,
				7F5DFB521A86C04100628235 /* JSQMessagesViewController.xib in Resources */,
				7F61CA3B19829CC7005EF254 /* MessageIncoming.aiff in Resources */,
				7F434A3019628D490081F35C /* Images.xcassets in Resources */,
				7F61CA3A19829CC7005EF254 /* MessageBubble@2x.png in Resources */,
				7F7C03621A382C3C00054ED7 /* Localizable.strings in Resources */,
				7FC46F651981259A000A875F /* test.png in Resources */,
				7FC46F7B198134C8000A875F /* Storyboard.storyboard in Resources */,
				7FC46F9419825B33000A875F /* Default-568h@2x.png in Resources */,
				7FEC7BFD1AEA5EE50004F81D /* LaunchScreen.xib in Resources */,
				7FD051C119C591B2009B7FEE /* image-not-available.jpg in Resources */,
				7F5DFB4E1A86B95600628235 /* UzysAssetsPickerController.xib in Resources */,
				7F5DFB501A86BC8200628235 /* UzysAssetPickerController.bundle in Resources */,
			);
			runOnlyForDeploymentPostprocessing = 0;
		};
/* End PBXResourcesBuildPhase section */

/* Begin PBXShellScriptBuildPhase section */
		1923974CB45A0015A5025458 /* [CP] Copy Pods Resources */ = {
			isa = PBXShellScriptBuildPhase;
			buildActionMask = 2147483647;
			files = (
			);
			inputPaths = (
			);
			name = "[CP] Copy Pods Resources";
			outputPaths = (
			);
			runOnlyForDeploymentPostprocessing = 0;
			shellPath = /bin/sh;
			shellScript = "\"${SRCROOT}/../Pods/Target Support Files/Pods-AppMessage/Pods-AppMessage-resources.sh\"\n";
			showEnvVarsInLog = 0;
		};
		3B1DEF1A99D1A9789AECD94A /* [CP] Embed Pods Frameworks */ = {
			isa = PBXShellScriptBuildPhase;
			buildActionMask = 2147483647;
			files = (
			);
			inputPaths = (
				"${SRCROOT}/../Pods/Target Support Files/Pods-AppMessage/Pods-AppMessage-frameworks.sh",
				"${BUILT_PRODUCTS_DIR}/CRToast/CRToast.framework",
				"${BUILT_PRODUCTS_DIR}/EVCloudKitDao-iOS/EVCloudKitDao.framework",
				"${BUILT_PRODUCTS_DIR}/EVReflection-iOS/EVReflection.framework",
				"${BUILT_PRODUCTS_DIR}/JSQMessagesViewController/JSQMessagesViewController.framework",
				"${BUILT_PRODUCTS_DIR}/JSQSystemSoundPlayer/JSQSystemSoundPlayer.framework",
				"${BUILT_PRODUCTS_DIR}/SwiftLocation/SwiftLocation.framework",
				"${BUILT_PRODUCTS_DIR}/SwiftyJSON/SwiftyJSON.framework",
				"${BUILT_PRODUCTS_DIR}/UIImage-Resize/UIImage_Resize.framework",
				"${BUILT_PRODUCTS_DIR}/UzysAssetsPickerController/UzysAssetsPickerController.framework",
				"${BUILT_PRODUCTS_DIR}/VIPhotoView/VIPhotoView.framework",
			);
			name = "[CP] Embed Pods Frameworks";
			outputPaths = (
				"${TARGET_BUILD_DIR}/${FRAMEWORKS_FOLDER_PATH}/CRToast.framework",
				"${TARGET_BUILD_DIR}/${FRAMEWORKS_FOLDER_PATH}/EVCloudKitDao.framework",
				"${TARGET_BUILD_DIR}/${FRAMEWORKS_FOLDER_PATH}/EVReflection.framework",
				"${TARGET_BUILD_DIR}/${FRAMEWORKS_FOLDER_PATH}/JSQMessagesViewController.framework",
				"${TARGET_BUILD_DIR}/${FRAMEWORKS_FOLDER_PATH}/JSQSystemSoundPlayer.framework",
				"${TARGET_BUILD_DIR}/${FRAMEWORKS_FOLDER_PATH}/SwiftLocation.framework",
				"${TARGET_BUILD_DIR}/${FRAMEWORKS_FOLDER_PATH}/SwiftyJSON.framework",
				"${TARGET_BUILD_DIR}/${FRAMEWORKS_FOLDER_PATH}/UIImage_Resize.framework",
				"${TARGET_BUILD_DIR}/${FRAMEWORKS_FOLDER_PATH}/UzysAssetsPickerController.framework",
				"${TARGET_BUILD_DIR}/${FRAMEWORKS_FOLDER_PATH}/VIPhotoView.framework",
			);
			runOnlyForDeploymentPostprocessing = 0;
			shellPath = /bin/sh;
			shellScript = "\"${SRCROOT}/../Pods/Target Support Files/Pods-AppMessage/Pods-AppMessage-frameworks.sh\"\n";
			showEnvVarsInLog = 0;
		};
		FF84867C1F191110DEC17531 /* [CP] Check Pods Manifest.lock */ = {
			isa = PBXShellScriptBuildPhase;
			buildActionMask = 2147483647;
			files = (
			);
			inputPaths = (
				"${PODS_PODFILE_DIR_PATH}/Podfile.lock",
				"${PODS_ROOT}/Manifest.lock",
			);
			name = "[CP] Check Pods Manifest.lock";
			outputPaths = (
				"$(DERIVED_FILE_DIR)/Pods-AppMessage-checkManifestLockResult.txt",
			);
			runOnlyForDeploymentPostprocessing = 0;
			shellPath = /bin/sh;
			shellScript = "diff \"${PODS_PODFILE_DIR_PATH}/Podfile.lock\" \"${PODS_ROOT}/Manifest.lock\" > /dev/null\nif [ $? != 0 ] ; then\n    # print error to STDERR\n    echo \"error: The sandbox is not in sync with the Podfile.lock. Run 'pod install' or update your CocoaPods installation.\" >&2\n    exit 1\nfi\n# This output is used by Xcode 'outputs' to avoid re-running this script phase.\necho \"SUCCESS\" > \"${SCRIPT_OUTPUT_FILE_0}\"\n";
			showEnvVarsInLog = 0;
		};
/* End PBXShellScriptBuildPhase section */

/* Begin PBXSourcesBuildPhase section */
		7F434A1F19628D490081F35C /* Sources */ = {
			isa = PBXSourcesBuildPhase;
			buildActionMask = 2147483647;
			files = (
				7FC46F92198242A5000A875F /* NewsViewController.swift in Sources */,
				7FC46F8E19824121000A875F /* RightMenuViewController.swift in Sources */,
				7F434A4C1962AE780081F35C /* Message.swift in Sources */,
				7FF11C411ACBEA6000A18FA3 /* SearchViewController.swift in Sources */,
				7FC46F9A19828082000A875F /* TestsViewController.swift in Sources */,
				7FC46F8619813D77000A875F /* RootViewController.swift in Sources */,
				7FF447441A16964C0003AE91 /* ChatViewController.swift in Sources */,
				7FFD4C0D1A222E9D00E03FAB /* Helper.swift in Sources */,
				13BCB1C81F7BC817002C7DD4 /* Async.swift in Sources */,
				7F76554C197FF0FE008AD0D5 /* Asset.swift in Sources */,
				7FC8B3B119E0600900C146AE /* MenuViewController.swift in Sources */,
				7F0992E51AEA3BAD00522AE6 /* SSASideMenu.swift in Sources */,
				7F434A2919628D490081F35C /* AppDelegate.swift in Sources */,
				7FC46F8C19814C17000A875F /* LeftMenuViewController.swift in Sources */,
				7FC46F9019824285000A875F /* HomeViewController.swift in Sources */,
				7FCB04A419A8E14F00A257FE /* News.swift in Sources */,
				7FC46F981982805A000A875F /* SettingsViewController.swift in Sources */,
				7F0791301E1CF12B00A015A7 /* main.m in Sources */,
				7FD67D981C2BD8B40071234B /* Invoice.swift in Sources */,
				7F44151E1E2A8C5D0077F033 /* CKAsset+UIImage.swift in Sources */,
			);
			runOnlyForDeploymentPostprocessing = 0;
		};
/* End PBXSourcesBuildPhase section */

/* Begin XCBuildConfiguration section */
		7F434A3D19628D490081F35C /* Debug */ = {
			isa = XCBuildConfiguration;
			buildSettings = {
				ALWAYS_SEARCH_USER_PATHS = NO;
				CLANG_CXX_LANGUAGE_STANDARD = "gnu++0x";
				CLANG_CXX_LIBRARY = "libc++";
				CLANG_ENABLE_MODULES = YES;
				CLANG_ENABLE_OBJC_ARC = YES;
				CLANG_WARN_BLOCK_CAPTURE_AUTORELEASING = YES;
				CLANG_WARN_BOOL_CONVERSION = YES;
				CLANG_WARN_COMMA = YES;
				CLANG_WARN_CONSTANT_CONVERSION = YES;
				CLANG_WARN_DIRECT_OBJC_ISA_USAGE = YES_ERROR;
				CLANG_WARN_EMPTY_BODY = YES;
				CLANG_WARN_ENUM_CONVERSION = YES;
				CLANG_WARN_INFINITE_RECURSION = YES;
				CLANG_WARN_INT_CONVERSION = YES;
				CLANG_WARN_NON_LITERAL_NULL_CONVERSION = YES;
				CLANG_WARN_OBJC_LITERAL_CONVERSION = YES;
				CLANG_WARN_OBJC_ROOT_CLASS = YES_ERROR;
				CLANG_WARN_RANGE_LOOP_ANALYSIS = YES;
				CLANG_WARN_STRICT_PROTOTYPES = YES;
				CLANG_WARN_SUSPICIOUS_MOVE = YES;
				CLANG_WARN_UNREACHABLE_CODE = YES;
				CLANG_WARN__DUPLICATE_METHOD_MATCH = YES;
				CODE_SIGN_IDENTITY = "iPhone Developer";
				COPY_PHASE_STRIP = NO;
				ENABLE_STRICT_OBJC_MSGSEND = YES;
				ENABLE_TESTABILITY = YES;
				GCC_C_LANGUAGE_STANDARD = gnu99;
				GCC_DYNAMIC_NO_PIC = NO;
				GCC_NO_COMMON_BLOCKS = YES;
				GCC_OPTIMIZATION_LEVEL = 0;
				GCC_PREPROCESSOR_DEFINITIONS = (
					"DEBUG=1",
					"$(inherited)",
				);
				GCC_SYMBOLS_PRIVATE_EXTERN = NO;
				GCC_WARN_64_TO_32_BIT_CONVERSION = YES;
				GCC_WARN_ABOUT_RETURN_TYPE = YES_ERROR;
				GCC_WARN_UNDECLARED_SELECTOR = YES;
				GCC_WARN_UNINITIALIZED_AUTOS = YES_AGGRESSIVE;
				GCC_WARN_UNUSED_FUNCTION = YES;
				GCC_WARN_UNUSED_VARIABLE = YES;
				IPHONEOS_DEPLOYMENT_TARGET = 9.0;
				METAL_ENABLE_DEBUG_INFO = YES;
				ONLY_ACTIVE_ARCH = YES;
				SDKROOT = iphoneos;
				SWIFT_OPTIMIZATION_LEVEL = "-Onone";
				SWIFT_VERSION = 4.0;
				TARGETED_DEVICE_FAMILY = "1,2";
			};
			name = Debug;
		};
		7F434A3E19628D490081F35C /* Release */ = {
			isa = XCBuildConfiguration;
			buildSettings = {
				ALWAYS_SEARCH_USER_PATHS = NO;
				CLANG_CXX_LANGUAGE_STANDARD = "gnu++0x";
				CLANG_CXX_LIBRARY = "libc++";
				CLANG_ENABLE_MODULES = YES;
				CLANG_ENABLE_OBJC_ARC = YES;
				CLANG_WARN_BLOCK_CAPTURE_AUTORELEASING = YES;
				CLANG_WARN_BOOL_CONVERSION = YES;
				CLANG_WARN_COMMA = YES;
				CLANG_WARN_CONSTANT_CONVERSION = YES;
				CLANG_WARN_DIRECT_OBJC_ISA_USAGE = YES_ERROR;
				CLANG_WARN_EMPTY_BODY = YES;
				CLANG_WARN_ENUM_CONVERSION = YES;
				CLANG_WARN_INFINITE_RECURSION = YES;
				CLANG_WARN_INT_CONVERSION = YES;
				CLANG_WARN_NON_LITERAL_NULL_CONVERSION = YES;
				CLANG_WARN_OBJC_LITERAL_CONVERSION = YES;
				CLANG_WARN_OBJC_ROOT_CLASS = YES_ERROR;
				CLANG_WARN_RANGE_LOOP_ANALYSIS = YES;
				CLANG_WARN_STRICT_PROTOTYPES = YES;
				CLANG_WARN_SUSPICIOUS_MOVE = YES;
				CLANG_WARN_UNREACHABLE_CODE = YES;
				CLANG_WARN__DUPLICATE_METHOD_MATCH = YES;
				CODE_SIGN_IDENTITY = "iPhone Developer";
				COPY_PHASE_STRIP = YES;
				ENABLE_NS_ASSERTIONS = NO;
				ENABLE_STRICT_OBJC_MSGSEND = YES;
				GCC_C_LANGUAGE_STANDARD = gnu99;
				GCC_NO_COMMON_BLOCKS = YES;
				GCC_WARN_64_TO_32_BIT_CONVERSION = YES;
				GCC_WARN_ABOUT_RETURN_TYPE = YES_ERROR;
				GCC_WARN_UNDECLARED_SELECTOR = YES;
				GCC_WARN_UNINITIALIZED_AUTOS = YES_AGGRESSIVE;
				GCC_WARN_UNUSED_FUNCTION = YES;
				GCC_WARN_UNUSED_VARIABLE = YES;
				IPHONEOS_DEPLOYMENT_TARGET = 9.0;
				METAL_ENABLE_DEBUG_INFO = NO;
				SDKROOT = iphoneos;
				SWIFT_OPTIMIZATION_LEVEL = "-Owholemodule";
				SWIFT_VERSION = 4.0;
				TARGETED_DEVICE_FAMILY = "1,2";
				VALIDATE_PRODUCT = YES;
			};
			name = Release;
		};
		7F434A4019628D490081F35C /* Debug */ = {
			isa = XCBuildConfiguration;
			baseConfigurationReference = 833539F8FEB264408D2BA9E0 /* Pods-AppMessage.debug.xcconfig */;
			buildSettings = {
				ASSETCATALOG_COMPILER_APPICON_NAME = AppIcon;
				ASSETCATALOG_COMPILER_LAUNCHIMAGE_NAME = LaunchImage;
				CLANG_ENABLE_MODULES = YES;
				CODE_SIGN_ENTITLEMENTS = AppMessage/AppMessage.entitlements;
				CODE_SIGN_IDENTITY = "iPhone Developer";
				"CODE_SIGN_IDENTITY[sdk=iphoneos*]" = "iPhone Developer";
				DEVELOPMENT_TEAM = NFYKDD8CR4;
				INFOPLIST_FILE = AppMessage/Info.plist;
				IPHONEOS_DEPLOYMENT_TARGET = 9.0;
				LD_RUNPATH_SEARCH_PATHS = "$(inherited) @executable_path/Frameworks";
				PRODUCT_BUNDLE_IDENTIFIER = nl.clockwork.AppMessage;
				PRODUCT_NAME = "$(TARGET_NAME)";
				PROVISIONING_PROFILE = "";
				SWIFT_OBJC_BRIDGING_HEADER = "AppMessage/AppMessage-Bridging-Header.h";
				SWIFT_OPTIMIZATION_LEVEL = "-Onone";
				SWIFT_SWIFT3_OBJC_INFERENCE = On;
				SWIFT_VERSION = 4.0;
				TARGETED_DEVICE_FAMILY = "1,2";
			};
			name = Debug;
		};
		7F434A4119628D490081F35C /* Release */ = {
			isa = XCBuildConfiguration;
			baseConfigurationReference = F6C8B12BC4A097CEAA0D7304 /* Pods-AppMessage.release.xcconfig */;
			buildSettings = {
				ASSETCATALOG_COMPILER_APPICON_NAME = AppIcon;
				ASSETCATALOG_COMPILER_LAUNCHIMAGE_NAME = LaunchImage;
				CLANG_ENABLE_MODULES = YES;
				CODE_SIGN_ENTITLEMENTS = AppMessage/AppMessage.entitlements;
				CODE_SIGN_IDENTITY = "iPhone Developer";
				"CODE_SIGN_IDENTITY[sdk=iphoneos*]" = "iPhone Developer";
				DEVELOPMENT_TEAM = NFYKDD8CR4;
				INFOPLIST_FILE = AppMessage/Info.plist;
				IPHONEOS_DEPLOYMENT_TARGET = 9.0;
				LD_RUNPATH_SEARCH_PATHS = "$(inherited) @executable_path/Frameworks";
				PRODUCT_BUNDLE_IDENTIFIER = nl.clockwork.AppMessage;
				PRODUCT_NAME = "$(TARGET_NAME)";
				PROVISIONING_PROFILE = "";
				SWIFT_OBJC_BRIDGING_HEADER = "AppMessage/AppMessage-Bridging-Header.h";
				SWIFT_SWIFT3_OBJC_INFERENCE = On;
				SWIFT_VERSION = 4.0;
				TARGETED_DEVICE_FAMILY = "1,2";
			};
			name = Release;
		};
/* End XCBuildConfiguration section */

/* Begin XCConfigurationList section */
		7F434A1E19628D490081F35C /* Build configuration list for PBXProject "AppMessage" */ = {
			isa = XCConfigurationList;
			buildConfigurations = (
				7F434A3D19628D490081F35C /* Debug */,
				7F434A3E19628D490081F35C /* Release */,
			);
			defaultConfigurationIsVisible = 0;
			defaultConfigurationName = Release;
		};
		7F434A3F19628D490081F35C /* Build configuration list for PBXNativeTarget "AppMessage" */ = {
			isa = XCConfigurationList;
			buildConfigurations = (
				7F434A4019628D490081F35C /* Debug */,
				7F434A4119628D490081F35C /* Release */,
			);
			defaultConfigurationIsVisible = 0;
			defaultConfigurationName = Release;
		};
/* End XCConfigurationList section */
	};
	rootObject = 7F434A1B19628D490081F35C /* Project object */;
}
