PODS:
  - Async (1.2.1)
  - CRToast (0.0.7)
  - EVReflection (2.1.0)
  - JSQMessagesViewController (7.1.0):
    - JSQSystemSoundPlayer (~> 2.0.1)
  - JSQSystemSoundPlayer (2.0.1)
  - SwiftTryCatch (0.0.1)
  - UIImage-Resize (1.0.1)
  - UzysAssetsPickerController (0.9.7)
  - VIPhotoView (0.1)
  - WhereAmI (1.2.1)

DEPENDENCIES:
  - Async (from `https://github.com/duemunk/Async.git`)
  - CRToast
  - EVReflection
  - JSQMessagesViewController
  - SwiftTryCatch
  - UIImage-Resize
  - UzysAssetsPickerController
  - VIPhotoView
  - WhereAmI

EXTERNAL SOURCES:
  Async:
    :git: https://github.com/duemunk/Async.git

CHECKOUT OPTIONS:
  Async:
    :commit: 7536a4d8059be119fd4a4550d674996f8a1cdd54
    :git: https://github.com/duemunk/Async.git

SPEC CHECKSUMS:
  Async: d9ee6fc9c415d44fcb892f4c289d1e79ce8ae92d
  CRToast: 99a28f4387def43b439ad88f957ce31357ff7373
  EVReflection: 25eaff2dd8cb0b4fc55224f5b25176e8673d0621
  JSQMessagesViewController: ca11f86fa68ca70835f05e169df9244147c1dc40
  JSQSystemSoundPlayer: c5850e77a4363ffd374cd851154b9af93264ed8d
  SwiftTryCatch: fb6d2b34abe48efd69578dac919293a44f95b481
  UIImage-Resize: fa776860f10e6900bbaf53a73e494bdceaaccc77
  UzysAssetsPickerController: eae7c24955501a80df34286b1797a2ec6f6b1ab9
  VIPhotoView: bdc0cf8ddadda754b451869bd3a919e8eb5c11ab
  WhereAmI: 550fc141f0507b575a68c34a4cf01bb067566399

COCOAPODS: 0.37.2
