PODS:
  - Async (1.3.1)
  - CRToast (0.0.7)
  - EVReflection (2.5.4)
  - JSQMessagesViewController (7.1.0):
    - JSQSystemSoundPlayer (~> 2.0.1)
  - JSQSystemSoundPlayer (2.0.1)
  - PermissionScope (0.7)
  - UIImage-Resize (1.0.1)
  - UzysAssetsPickerController (0.9.9)
  - VIPhotoView (0.1)

DEPENDENCIES:
  - Async (from `https://github.com/duemunk/Async.git`, branch `feature/Swift_2.0`)
  - CRToast
  - EVReflection (from `https://github.com/evermeer/EVReflection.git`, branch `Swift2`)
  - JSQMessagesViewController
  - PermissionScope (from `https://github.com/bre7/PermissionScope.git`, branch `wip/cloudkit`)
  - UIImage-Resize
  - UzysAssetsPickerController
  - VIPhotoView

EXTERNAL SOURCES:
  Async:
    :branch: feature/Swift_2.0
    :git: https://github.com/duemunk/Async.git
  EVReflection:
    :branch: Swift2
    :git: https://github.com/evermeer/EVReflection.git
  PermissionScope:
    :branch: wip/cloudkit
    :git: https://github.com/bre7/PermissionScope.git

CHECKOUT OPTIONS:
  Async:
    :commit: abe23c18d8d3a708a325b5db10231388e1ca5b88
    :git: https://github.com/duemunk/Async.git
  EVReflection:
    :commit: d59f36ba2439254711dd9a8a9207a4ba02d43191
    :git: https://github.com/evermeer/EVReflection.git
  PermissionScope:
    :commit: 24d61ded0020d5e1164e738c58fb04d1f2ff804c
    :git: https://github.com/bre7/PermissionScope.git

SPEC CHECKSUMS:
  Async: edb15b1e34181d7c9873ce6b5d6eabc1c99e638b
  CRToast: 99a28f4387def43b439ad88f957ce31357ff7373
  EVReflection: c544dcee660d789bba62b1a22a416e177a58d2f6
  JSQMessagesViewController: ca11f86fa68ca70835f05e169df9244147c1dc40
  JSQSystemSoundPlayer: c5850e77a4363ffd374cd851154b9af93264ed8d
  PermissionScope: 1d27791185cca10c26f84d1aab905117dde50f39
  UIImage-Resize: fa776860f10e6900bbaf53a73e494bdceaaccc77
  UzysAssetsPickerController: 47c27bd96955467925f3d4d80b1e2e8aaeff766d
  VIPhotoView: bdc0cf8ddadda754b451869bd3a919e8eb5c11ab

COCOAPODS: 0.38.2
